
Microsoft Visual Studio Solution File, Format Version 12.00
# Visual Studio 15
Project("{FAE04EC0-301F-11D3-BF4B-00C04F79EFBC}") = "Assembly-CSharp", "Assembly-CSharp.csproj", "{CE33C359-542F-15BE-4D9B-9621608F996E}"
EndProject
Project("{FAE04EC0-301F-11D3-BF4B-00C04F79EFBC}") = "Assembly-CSharp-Editor", "Assembly-CSharp-Editor.csproj", "{6FCFFF37-D438-3916-FE81-6CBD7E2F479B}"
EndProject
Global
	GlobalSection(SolutionConfigurationPlatforms) = preSolution
		Debug|Any CPU = Debug|Any CPU
		Release|Any CPU = Release|Any CPU
	EndGlobalSection
	GlobalSection(ProjectConfigurationPlatforms) = postSolution
		{CE33C359-542F-15BE-4D9B-9621608F996E}.Debug|Any CPU.ActiveCfg = Debug|Any CPU
		{CE33C359-542F-15BE-4D9B-9621608F996E}.Debug|Any CPU.Build.0 = Debug|Any CPU
		{CE33C359-542F-15BE-4D9B-9621608F996E}.Release|Any CPU.ActiveCfg = Release|Any CPU
		{CE33C359-542F-15BE-4D9B-9621608F996E}.Release|Any CPU.Build.0 = Release|Any CPU
		{6FCFFF37-D438-3916-FE81-6CBD7E2F479B}.Debug|Any CPU.ActiveCfg = Debug|Any CPU
		{6FCFFF37-D438-3916-FE81-6CBD7E2F479B}.Debug|Any CPU.Build.0 = Debug|Any CPU
		{6FCFFF37-D438-3916-FE81-6CBD7E2F479B}.Release|Any CPU.ActiveCfg = Release|Any CPU
		{6FCFFF37-D438-3916-FE81-6CBD7E2F479B}.Release|Any CPU.Build.0 = Release|Any CPU
	EndGlobalSection
	GlobalSection(SolutionProperties) = preSolution
		HideSolutionNode = FALSE
	EndGlobalSection
EndGlobal
